
Microsoft Visual Studio Solution File, Format Version 12.00
# Visual Studio Version 17
VisualStudioVersion = 17.1.32210.238
MinimumVisualStudioVersion = 10.0.40219.1
Project("{9A19103F-16F7-4668-BE54-9A1E7A4F7556}") = "LinqDB", "LinqDB\LinqDB.csproj", "{AD170CF0-EBF3-4EB6-8DAF-E925DFE19161}"
EndProject
Global
	GlobalSection(SolutionConfigurationPlatforms) = preSolution
		Debug|Any CPU = Debug|Any CPU
		Release|Any CPU = Release|Any CPU
	EndGlobalSection
	GlobalSection(ProjectConfigurationPlatforms) = postSolution
		{AD170CF0-EBF3-4EB6-8DAF-E925DFE19161}.Debug|Any CPU.ActiveCfg = Debug|Any CPU
		{AD170CF0-EBF3-4EB6-8DAF-E925DFE19161}.Debug|Any CPU.Build.0 = Debug|Any CPU
		{AD170CF0-EBF3-4EB6-8DAF-E925DFE19161}.Release|Any CPU.ActiveCfg = Release|Any CPU
		{AD170CF0-EBF3-4EB6-8DAF-E925DFE19161}.Release|Any CPU.Build.0 = Release|Any CPU
	EndGlobalSection
	GlobalSection(SolutionProperties) = preSolution
		HideSolutionNode = FALSE
	EndGlobalSection
	GlobalSection(ExtensibilityGlobals) = postSolution
		SolutionGuid = {900B7D90-8CC6-4D49-97BC-30942A99F9EF}
	EndGlobalSection
	GlobalSection(TeamFoundationVersionControl) = preSolution
		SccNumberOfProjects = 1
		SccEnterpriseProvider = {4CA58AB2-18FA-4F8D-95D4-32DDF27D184C}
		SccTeamFoundationServer = https://kazuhiro.visualstudio.com/defaultcollection
		SccProjectUniqueName0 = LinqDB\\LinqDB.csproj
		SccProjectName0 = LinqDB
		SccAuxPath0 = https://kazuhiro.visualstudio.com/defaultcollection
		SccLocalPath0 = LinqDB
		SccProvider0 = {4CA58AB2-18FA-4F8D-95D4-32DDF27D184C}
	EndGlobalSection
EndGlobal
