
Microsoft Visual Studio Solution File, Format Version 12.00
# Visual Studio Version 17
VisualStudioVersion = 17.0.32112.339
MinimumVisualStudioVersion = 10.0.40219.1
Project("{9A19103F-16F7-4668-BE54-9A1E7A4F7556}") = "LinqDB", "LinqDB\LinqDB.csproj", "{D3CA8754-57E7-45BE-A760-87E53266A8E1}"
EndProject
Project("{2150E333-8FDC-42A3-9474-1A3956D46DE8}") = "SolutionItems", "SolutionItems", "{5B1746B2-A936-4F71-AAAD-2E563EFA0A70}"
	ProjectSection(SolutionItems) = preProject
		.editorconfig = .editorconfig
	EndProjectSection
EndProject
Project("{9A19103F-16F7-4668-BE54-9A1E7A4F7556}") = "TestLinqDB", "TestLinqDB\TestLinqDB.csproj", "{9C144205-1B32-4F7F-8507-71653455E70E}"
EndProject
Project("{9A19103F-16F7-4668-BE54-9A1E7A4F7556}") = "GUI", "GUI\GUI.csproj", "{CF6888B7-1AD0-4CF6-87B2-D7D51F07062D}"
EndProject
Project("{9A19103F-16F7-4668-BE54-9A1E7A4F7556}") = "ConsoleApp1", "ConsoleApp1\ConsoleApp1.csproj", "{FDF3ED4C-A45D-4E05-8BB7-18BC8C485127}"
EndProject
Project("{9A19103F-16F7-4668-BE54-9A1E7A4F7556}") = "TestNorthwind", "TestNorthwind\TestNorthwind.csproj", "{79AAAB74-0D73-4E2E-841F-BDB12BA510F0}"
EndProject
Project("{9A19103F-16F7-4668-BE54-9A1E7A4F7556}") = "Test共通", "Test共通\Test共通.csproj", "{87BC2A85-7B9F-482E-8B3C-FD9FD66AFE6E}"
EndProject
Global
	GlobalSection(SolutionConfigurationPlatforms) = preSolution
		Debug|Any CPU = Debug|Any CPU
		Release|Any CPU = Release|Any CPU
	EndGlobalSection
	GlobalSection(ProjectConfigurationPlatforms) = postSolution
		{D3CA8754-57E7-45BE-A760-87E53266A8E1}.Debug|Any CPU.ActiveCfg = Debug|Any CPU
		{D3CA8754-57E7-45BE-A760-87E53266A8E1}.Debug|Any CPU.Build.0 = Debug|Any CPU
		{D3CA8754-57E7-45BE-A760-87E53266A8E1}.Release|Any CPU.ActiveCfg = Release|Any CPU
		{D3CA8754-57E7-45BE-A760-87E53266A8E1}.Release|Any CPU.Build.0 = Release|Any CPU
		{9C144205-1B32-4F7F-8507-71653455E70E}.Debug|Any CPU.ActiveCfg = Debug|Any CPU
		{9C144205-1B32-4F7F-8507-71653455E70E}.Debug|Any CPU.Build.0 = Debug|Any CPU
		{9C144205-1B32-4F7F-8507-71653455E70E}.Release|Any CPU.ActiveCfg = Release|Any CPU
		{9C144205-1B32-4F7F-8507-71653455E70E}.Release|Any CPU.Build.0 = Release|Any CPU
		{CF6888B7-1AD0-4CF6-87B2-D7D51F07062D}.Debug|Any CPU.ActiveCfg = Debug|Any CPU
		{CF6888B7-1AD0-4CF6-87B2-D7D51F07062D}.Debug|Any CPU.Build.0 = Debug|Any CPU
		{CF6888B7-1AD0-4CF6-87B2-D7D51F07062D}.Release|Any CPU.ActiveCfg = Release|Any CPU
		{CF6888B7-1AD0-4CF6-87B2-D7D51F07062D}.Release|Any CPU.Build.0 = Release|Any CPU
		{FDF3ED4C-A45D-4E05-8BB7-18BC8C485127}.Debug|Any CPU.ActiveCfg = Debug|Any CPU
		{FDF3ED4C-A45D-4E05-8BB7-18BC8C485127}.Debug|Any CPU.Build.0 = Debug|Any CPU
		{FDF3ED4C-A45D-4E05-8BB7-18BC8C485127}.Release|Any CPU.ActiveCfg = Release|Any CPU
		{FDF3ED4C-A45D-4E05-8BB7-18BC8C485127}.Release|Any CPU.Build.0 = Release|Any CPU
		{79AAAB74-0D73-4E2E-841F-BDB12BA510F0}.Debug|Any CPU.ActiveCfg = Debug|Any CPU
		{79AAAB74-0D73-4E2E-841F-BDB12BA510F0}.Debug|Any CPU.Build.0 = Debug|Any CPU
		{79AAAB74-0D73-4E2E-841F-BDB12BA510F0}.Release|Any CPU.ActiveCfg = Release|Any CPU
		{79AAAB74-0D73-4E2E-841F-BDB12BA510F0}.Release|Any CPU.Build.0 = Release|Any CPU
		{87BC2A85-7B9F-482E-8B3C-FD9FD66AFE6E}.Debug|Any CPU.ActiveCfg = Debug|Any CPU
		{87BC2A85-7B9F-482E-8B3C-FD9FD66AFE6E}.Debug|Any CPU.Build.0 = Debug|Any CPU
		{87BC2A85-7B9F-482E-8B3C-FD9FD66AFE6E}.Release|Any CPU.ActiveCfg = Release|Any CPU
		{87BC2A85-7B9F-482E-8B3C-FD9FD66AFE6E}.Release|Any CPU.Build.0 = Release|Any CPU
	EndGlobalSection
	GlobalSection(SolutionProperties) = preSolution
		HideSolutionNode = FALSE
	EndGlobalSection
	GlobalSection(ExtensibilityGlobals) = postSolution
		SolutionGuid = {F37002B4-F64C-4305-A9E2-566AE741C128}
	EndGlobalSection
	GlobalSection(Performance) = preSolution
		HasPerformanceSessions = true
	EndGlobalSection
	GlobalSection(Performance) = preSolution
		HasPerformanceSessions = true
	EndGlobalSection
	GlobalSection(Performance) = preSolution
		HasPerformanceSessions = true
	EndGlobalSection
	GlobalSection(Performance) = preSolution
		HasPerformanceSessions = true
	EndGlobalSection
	GlobalSection(Performance) = preSolution
		HasPerformanceSessions = true
	EndGlobalSection
	GlobalSection(Performance) = preSolution
		HasPerformanceSessions = true
	EndGlobalSection
	GlobalSection(Performance) = preSolution
		HasPerformanceSessions = true
	EndGlobalSection
	GlobalSection(Performance) = preSolution
		HasPerformanceSessions = true
	EndGlobalSection
	GlobalSection(Performance) = preSolution
		HasPerformanceSessions = true
	EndGlobalSection
	GlobalSection(Performance) = preSolution
		HasPerformanceSessions = true
	EndGlobalSection
	GlobalSection(Performance) = preSolution
		HasPerformanceSessions = true
	EndGlobalSection
	GlobalSection(Performance) = preSolution
		HasPerformanceSessions = true
	EndGlobalSection
	GlobalSection(Performance) = preSolution
		HasPerformanceSessions = true
	EndGlobalSection
	GlobalSection(Performance) = preSolution
		HasPerformanceSessions = true
	EndGlobalSection
	GlobalSection(Performance) = preSolution
		HasPerformanceSessions = true
	EndGlobalSection
	GlobalSection(Performance) = preSolution
		HasPerformanceSessions = true
	EndGlobalSection
	GlobalSection(Performance) = preSolution
		HasPerformanceSessions = true
	EndGlobalSection
	GlobalSection(Performance) = preSolution
		HasPerformanceSessions = true
	EndGlobalSection
	GlobalSection(Performance) = preSolution
		HasPerformanceSessions = true
	EndGlobalSection
	GlobalSection(Performance) = preSolution
		HasPerformanceSessions = true
	EndGlobalSection
	GlobalSection(Performance) = preSolution
		HasPerformanceSessions = true
	EndGlobalSection
	GlobalSection(Performance) = preSolution
		HasPerformanceSessions = true
	EndGlobalSection
	GlobalSection(Performance) = preSolution
		HasPerformanceSessions = true
	EndGlobalSection
	GlobalSection(Performance) = preSolution
		HasPerformanceSessions = true
	EndGlobalSection
	GlobalSection(Performance) = preSolution
		HasPerformanceSessions = true
	EndGlobalSection
	GlobalSection(Performance) = preSolution
		HasPerformanceSessions = true
	EndGlobalSection
	GlobalSection(Performance) = preSolution
		HasPerformanceSessions = true
	EndGlobalSection
	GlobalSection(Performance) = preSolution
		HasPerformanceSessions = true
	EndGlobalSection
	GlobalSection(Performance) = preSolution
		HasPerformanceSessions = true
	EndGlobalSection
	GlobalSection(Performance) = preSolution
		HasPerformanceSessions = true
	EndGlobalSection
EndGlobal
