
Microsoft Visual Studio Solution File, Format Version 12.00
# Visual Studio 15
VisualStudioVersion = 15.0.26430.13
MinimumVisualStudioVersion = 10.0.40219.1
Project("{FAE04EC0-301F-11D3-BF4B-00C04F79EFBC}") = "TestTPC_C", "TestTPC_C\TestTPC_C.csproj", "{C47B2300-1E7F-4202-8C86-0ED3B86EEBAD}"
EndProject
Project("{FAE04EC0-301F-11D3-BF4B-00C04F79EFBC}") = "Lite", "Lite\Lite.csproj", "{BD0D8E31-D68C-41FE-87DB-659E782D0209}"
EndProject
Global
	GlobalSection(SolutionConfigurationPlatforms) = preSolution
		Debug|Any CPU = Debug|Any CPU
		DebugTrace|Any CPU = DebugTrace|Any CPU
		Release|Any CPU = Release|Any CPU
		ReleaseTrace|Any CPU = ReleaseTrace|Any CPU
	EndGlobalSection
	GlobalSection(ProjectConfigurationPlatforms) = postSolution
		{C47B2300-1E7F-4202-8C86-0ED3B86EEBAD}.Debug|Any CPU.ActiveCfg = Debug|Any CPU
		{C47B2300-1E7F-4202-8C86-0ED3B86EEBAD}.Debug|Any CPU.Build.0 = Debug|Any CPU
		{C47B2300-1E7F-4202-8C86-0ED3B86EEBAD}.DebugTrace|Any CPU.ActiveCfg = Debug|Any CPU
		{C47B2300-1E7F-4202-8C86-0ED3B86EEBAD}.DebugTrace|Any CPU.Build.0 = Debug|Any CPU
		{C47B2300-1E7F-4202-8C86-0ED3B86EEBAD}.Release|Any CPU.ActiveCfg = Release|Any CPU
		{C47B2300-1E7F-4202-8C86-0ED3B86EEBAD}.Release|Any CPU.Build.0 = Release|Any CPU
		{C47B2300-1E7F-4202-8C86-0ED3B86EEBAD}.ReleaseTrace|Any CPU.ActiveCfg = Release|Any CPU
		{C47B2300-1E7F-4202-8C86-0ED3B86EEBAD}.ReleaseTrace|Any CPU.Build.0 = Release|Any CPU
		{BD0D8E31-D68C-41FE-87DB-659E782D0209}.Debug|Any CPU.ActiveCfg = Debug|Any CPU
		{BD0D8E31-D68C-41FE-87DB-659E782D0209}.Debug|Any CPU.Build.0 = Debug|Any CPU
		{BD0D8E31-D68C-41FE-87DB-659E782D0209}.DebugTrace|Any CPU.ActiveCfg = DebugTrace|Any CPU
		{BD0D8E31-D68C-41FE-87DB-659E782D0209}.DebugTrace|Any CPU.Build.0 = DebugTrace|Any CPU
		{BD0D8E31-D68C-41FE-87DB-659E782D0209}.Release|Any CPU.ActiveCfg = Release|Any CPU
		{BD0D8E31-D68C-41FE-87DB-659E782D0209}.Release|Any CPU.Build.0 = Release|Any CPU
		{BD0D8E31-D68C-41FE-87DB-659E782D0209}.ReleaseTrace|Any CPU.ActiveCfg = ReleaseTrace|Any CPU
		{BD0D8E31-D68C-41FE-87DB-659E782D0209}.ReleaseTrace|Any CPU.Build.0 = ReleaseTrace|Any CPU
	EndGlobalSection
	GlobalSection(SolutionProperties) = preSolution
		HideSolutionNode = FALSE
	EndGlobalSection
	GlobalSection(TeamFoundationVersionControl) = preSolution
		SccNumberOfProjects = 3
		SccEnterpriseProvider = {4CA58AB2-18FA-4F8D-95D4-32DDF27D184C}
		SccTeamFoundationServer = https://kazuhiro.visualstudio.com/defaultcollection
		SccLocalPath0 = .
		SccProjectUniqueName1 = Lite\\Lite.csproj
		SccProjectName1 = Lite
		SccLocalPath1 = Lite
		SccProjectUniqueName2 = TestTPC_C\\TestTPC_C.csproj
		SccProjectName2 = TestTPC_C
		SccLocalPath2 = TestTPC_C
	EndGlobalSection
EndGlobal
