
Microsoft Visual Studio Solution File, Format Version 12.00
# Visual Studio 15
VisualStudioVersion = 15.0.26430.6
MinimumVisualStudioVersion = 10.0.40219.1
Project("{FAE04EC0-301F-11D3-BF4B-00C04F79EFBC}") = "TestTPC_H", "TestTPC_H\TestTPC_H.csproj", "{150FFCC5-E0C3-46DE-9F14-AC3A8A1F7265}"
EndProject
Project("{FAE04EC0-301F-11D3-BF4B-00C04F79EFBC}") = "Lite", "Lite\Lite.csproj", "{BD0D8E31-D68C-41FE-87DB-659E782D0209}"
EndProject
Global
	GlobalSection(SolutionConfigurationPlatforms) = preSolution
		Debug|Any CPU = Debug|Any CPU
		DebugTrace|Any CPU = DebugTrace|Any CPU
		Release|Any CPU = Release|Any CPU
		ReleaseTrace|Any CPU = ReleaseTrace|Any CPU
	EndGlobalSection
	GlobalSection(ProjectConfigurationPlatforms) = postSolution
		{150FFCC5-E0C3-46DE-9F14-AC3A8A1F7265}.Debug|Any CPU.ActiveCfg = Debug|Any CPU
		{150FFCC5-E0C3-46DE-9F14-AC3A8A1F7265}.Debug|Any CPU.Build.0 = Debug|Any CPU
		{150FFCC5-E0C3-46DE-9F14-AC3A8A1F7265}.DebugTrace|Any CPU.ActiveCfg = Debug|Any CPU
		{150FFCC5-E0C3-46DE-9F14-AC3A8A1F7265}.DebugTrace|Any CPU.Build.0 = Debug|Any CPU
		{150FFCC5-E0C3-46DE-9F14-AC3A8A1F7265}.Release|Any CPU.ActiveCfg = Release|Any CPU
		{150FFCC5-E0C3-46DE-9F14-AC3A8A1F7265}.Release|Any CPU.Build.0 = Release|Any CPU
		{150FFCC5-E0C3-46DE-9F14-AC3A8A1F7265}.ReleaseTrace|Any CPU.ActiveCfg = Release|Any CPU
		{150FFCC5-E0C3-46DE-9F14-AC3A8A1F7265}.ReleaseTrace|Any CPU.Build.0 = Release|Any CPU
		{BD0D8E31-D68C-41FE-87DB-659E782D0209}.Debug|Any CPU.ActiveCfg = Debug|Any CPU
		{BD0D8E31-D68C-41FE-87DB-659E782D0209}.Debug|Any CPU.Build.0 = Debug|Any CPU
		{BD0D8E31-D68C-41FE-87DB-659E782D0209}.DebugTrace|Any CPU.ActiveCfg = DebugTrace|Any CPU
		{BD0D8E31-D68C-41FE-87DB-659E782D0209}.DebugTrace|Any CPU.Build.0 = DebugTrace|Any CPU
		{BD0D8E31-D68C-41FE-87DB-659E782D0209}.Release|Any CPU.ActiveCfg = Release|Any CPU
		{BD0D8E31-D68C-41FE-87DB-659E782D0209}.Release|Any CPU.Build.0 = Release|Any CPU
		{BD0D8E31-D68C-41FE-87DB-659E782D0209}.ReleaseTrace|Any CPU.ActiveCfg = ReleaseTrace|Any CPU
		{BD0D8E31-D68C-41FE-87DB-659E782D0209}.ReleaseTrace|Any CPU.Build.0 = ReleaseTrace|Any CPU
	EndGlobalSection
	GlobalSection(SolutionProperties) = preSolution
		HideSolutionNode = FALSE
	EndGlobalSection
	GlobalSection(TeamFoundationVersionControl) = preSolution
		SccNumberOfProjects = 3
		SccEnterpriseProvider = {4CA58AB2-18FA-4F8D-95D4-32DDF27D184C}
		SccTeamFoundationServer = https://kazuhiro.visualstudio.com/defaultcollection
		SccProjectUniqueName0 = Lite\\Lite.csproj
		SccProjectName0 = Lite
		SccLocalPath0 = Lite
		SccProjectUniqueName1 = TestTPC_H\\TestTPC_H.csproj
		SccProjectName1 = TestTPC_H
		SccLocalPath1 = TestTPC_H
		SccLocalPath2 = .
	EndGlobalSection
EndGlobal
